
Microsoft Visual Studio Solution File, Format Version 12.00
# Visual Studio 15
Project("{FAE04EC0-301F-11D3-BF4B-00C04F79EFBC}") = "Argilla.Server", "Argilla.Server\Argilla.Server.csproj", "{681A4DBD-C4F9-44C9-86C9-5BF56CDD5E21}"
EndProject
Project("{FAE04EC0-301F-11D3-BF4B-00C04F79EFBC}") = "Argilla.Core", "Argilla.Core\Argilla.Core.csproj", "{C10F736A-5A5D-4F58-B8CE-C56909C42C59}"
EndProject
Project("{FAE04EC0-301F-11D3-BF4B-00C04F79EFBC}") = "Argilla.Common", "Argilla.Common\Argilla.Common.csproj", "{0E9DCB83-10EB-4E7A-8859-EDE7C32F4C3F}"
EndProject
Project("{FAE04EC0-301F-11D3-BF4B-00C04F79EFBC}") = "Argilla.Sample.Bob", "Argilla.Sample.Bob\Argilla.Sample.Bob.csproj", "{7BA1AE91-87CF-48EB-A8F5-830F43F67525}"
EndProject
Project("{FAE04EC0-301F-11D3-BF4B-00C04F79EFBC}") = "Argilla.Sample.Mary", "Argilla.Sample.Mary\Argilla.Sample.Mary.csproj", "{56D58532-2189-4291-BF1B-C7C3E68B408E}"
EndProject
Project("{FAE04EC0-301F-11D3-BF4B-00C04F79EFBC}") = "Argilla.Sample.Local", "Argilla.Sample.Local\Argilla.Sample.Local.csproj", "{92F85C04-A53A-4CCB-BDE8-F9F272F41BDB}"
EndProject
Project("{2150E333-8FDC-42A3-9474-1A3956D46DE8}") = "Samples", "Samples", "{B803F520-677F-48E1-9AC6-511222D93B16}"
EndProject
Project("{FAE04EC0-301F-11D3-BF4B-00C04F79EFBC}") = "Argilla.Sample.Slave1", "Argilla.Sample.Slave1\Argilla.Sample.Slave1.csproj", "{ECF7FFD9-92C2-4745-B752-D00CCD63AA49}"
EndProject
Project("{FAE04EC0-301F-11D3-BF4B-00C04F79EFBC}") = "Argilla.Sample.Slave2", "Argilla.Sample.Slave2\Argilla.Sample.Slave2.csproj", "{9F324AFD-468A-47D1-9966-C129AC4E0A56}"
EndProject
Project("{FAE04EC0-301F-11D3-BF4B-00C04F79EFBC}") = "Argilla.Sample.Master", "Argilla.Sample.Master\Argilla.Sample.Master.csproj", "{3DC16F42-9D75-48E0-BAAE-7C9495A47772}"
EndProject
Global
	GlobalSection(SolutionConfigurationPlatforms) = preSolution
		Debug|Any CPU = Debug|Any CPU
		Release|Any CPU = Release|Any CPU
	EndGlobalSection
	GlobalSection(ProjectConfigurationPlatforms) = postSolution
		{681A4DBD-C4F9-44C9-86C9-5BF56CDD5E21}.Debug|Any CPU.ActiveCfg = Debug|Any CPU
		{681A4DBD-C4F9-44C9-86C9-5BF56CDD5E21}.Debug|Any CPU.Build.0 = Debug|Any CPU
		{681A4DBD-C4F9-44C9-86C9-5BF56CDD5E21}.Release|Any CPU.ActiveCfg = Release|Any CPU
		{681A4DBD-C4F9-44C9-86C9-5BF56CDD5E21}.Release|Any CPU.Build.0 = Release|Any CPU
		{C10F736A-5A5D-4F58-B8CE-C56909C42C59}.Debug|Any CPU.ActiveCfg = Debug|Any CPU
		{C10F736A-5A5D-4F58-B8CE-C56909C42C59}.Debug|Any CPU.Build.0 = Debug|Any CPU
		{C10F736A-5A5D-4F58-B8CE-C56909C42C59}.Release|Any CPU.ActiveCfg = Release|Any CPU
		{C10F736A-5A5D-4F58-B8CE-C56909C42C59}.Release|Any CPU.Build.0 = Release|Any CPU
		{0E9DCB83-10EB-4E7A-8859-EDE7C32F4C3F}.Debug|Any CPU.ActiveCfg = Debug|Any CPU
		{0E9DCB83-10EB-4E7A-8859-EDE7C32F4C3F}.Debug|Any CPU.Build.0 = Debug|Any CPU
		{0E9DCB83-10EB-4E7A-8859-EDE7C32F4C3F}.Release|Any CPU.ActiveCfg = Release|Any CPU
		{0E9DCB83-10EB-4E7A-8859-EDE7C32F4C3F}.Release|Any CPU.Build.0 = Release|Any CPU
		{7BA1AE91-87CF-48EB-A8F5-830F43F67525}.Debug|Any CPU.ActiveCfg = Debug|Any CPU
		{7BA1AE91-87CF-48EB-A8F5-830F43F67525}.Debug|Any CPU.Build.0 = Debug|Any CPU
		{7BA1AE91-87CF-48EB-A8F5-830F43F67525}.Release|Any CPU.ActiveCfg = Release|Any CPU
		{7BA1AE91-87CF-48EB-A8F5-830F43F67525}.Release|Any CPU.Build.0 = Release|Any CPU
		{56D58532-2189-4291-BF1B-C7C3E68B408E}.Debug|Any CPU.ActiveCfg = Debug|Any CPU
		{56D58532-2189-4291-BF1B-C7C3E68B408E}.Debug|Any CPU.Build.0 = Debug|Any CPU
		{56D58532-2189-4291-BF1B-C7C3E68B408E}.Release|Any CPU.ActiveCfg = Release|Any CPU
		{56D58532-2189-4291-BF1B-C7C3E68B408E}.Release|Any CPU.Build.0 = Release|Any CPU
		{92F85C04-A53A-4CCB-BDE8-F9F272F41BDB}.Debug|Any CPU.ActiveCfg = Debug|Any CPU
		{92F85C04-A53A-4CCB-BDE8-F9F272F41BDB}.Debug|Any CPU.Build.0 = Debug|Any CPU
		{92F85C04-A53A-4CCB-BDE8-F9F272F41BDB}.Release|Any CPU.ActiveCfg = Release|Any CPU
		{92F85C04-A53A-4CCB-BDE8-F9F272F41BDB}.Release|Any CPU.Build.0 = Release|Any CPU
		{ECF7FFD9-92C2-4745-B752-D00CCD63AA49}.Debug|Any CPU.ActiveCfg = Debug|Any CPU
		{ECF7FFD9-92C2-4745-B752-D00CCD63AA49}.Debug|Any CPU.Build.0 = Debug|Any CPU
		{ECF7FFD9-92C2-4745-B752-D00CCD63AA49}.Release|Any CPU.ActiveCfg = Release|Any CPU
		{ECF7FFD9-92C2-4745-B752-D00CCD63AA49}.Release|Any CPU.Build.0 = Release|Any CPU
		{9F324AFD-468A-47D1-9966-C129AC4E0A56}.Debug|Any CPU.ActiveCfg = Debug|Any CPU
		{9F324AFD-468A-47D1-9966-C129AC4E0A56}.Debug|Any CPU.Build.0 = Debug|Any CPU
		{9F324AFD-468A-47D1-9966-C129AC4E0A56}.Release|Any CPU.ActiveCfg = Release|Any CPU
		{9F324AFD-468A-47D1-9966-C129AC4E0A56}.Release|Any CPU.Build.0 = Release|Any CPU
		{3DC16F42-9D75-48E0-BAAE-7C9495A47772}.Debug|Any CPU.ActiveCfg = Debug|Any CPU
		{3DC16F42-9D75-48E0-BAAE-7C9495A47772}.Debug|Any CPU.Build.0 = Debug|Any CPU
		{3DC16F42-9D75-48E0-BAAE-7C9495A47772}.Release|Any CPU.ActiveCfg = Release|Any CPU
		{3DC16F42-9D75-48E0-BAAE-7C9495A47772}.Release|Any CPU.Build.0 = Release|Any CPU
	EndGlobalSection
	GlobalSection(NestedProjects) = preSolution
		{7BA1AE91-87CF-48EB-A8F5-830F43F67525} = {B803F520-677F-48E1-9AC6-511222D93B16}
		{92F85C04-A53A-4CCB-BDE8-F9F272F41BDB} = {B803F520-677F-48E1-9AC6-511222D93B16}
		{56D58532-2189-4291-BF1B-C7C3E68B408E} = {B803F520-677F-48E1-9AC6-511222D93B16}
		{ECF7FFD9-92C2-4745-B752-D00CCD63AA49} = {B803F520-677F-48E1-9AC6-511222D93B16}
		{9F324AFD-468A-47D1-9966-C129AC4E0A56} = {B803F520-677F-48E1-9AC6-511222D93B16}
		{3DC16F42-9D75-48E0-BAAE-7C9495A47772} = {B803F520-677F-48E1-9AC6-511222D93B16}
	EndGlobalSection
EndGlobal
